
Microsoft Visual Studio Solution File, Format Version 12.00
# Visual Studio 14
VisualStudioVersion = 14.0.23107.0
MinimumVisualStudioVersion = 10.0.40219.1
Project("{FAE04EC0-301F-11D3-BF4B-00C04F79EFBC}") = "MyBlog", "MyBlog\MyBlog.csproj", "{68992F1E-798B-43B7-A42F-1993ABBC299C}"
EndProject
Project("{FAE04EC0-301F-11D3-BF4B-00C04F79EFBC}") = "MyBlog.Tests", "MyBlog.Tests\MyBlog.Tests.csproj", "{F69B004E-2E4B-48B0-A211-C4FD545B5F2F}"
EndProject
Global
	GlobalSection(SolutionConfigurationPlatforms) = preSolution
		Debug|Any CPU = Debug|Any CPU
		Release|Any CPU = Release|Any CPU
	EndGlobalSection
	GlobalSection(ProjectConfigurationPlatforms) = postSolution
		{68992F1E-798B-43B7-A42F-1993ABBC299C}.Debug|Any CPU.ActiveCfg = Debug|Any CPU
		{68992F1E-798B-43B7-A42F-1993ABBC299C}.Debug|Any CPU.Build.0 = Debug|Any CPU
		{68992F1E-798B-43B7-A42F-1993ABBC299C}.Release|Any CPU.ActiveCfg = Release|Any CPU
		{68992F1E-798B-43B7-A42F-1993ABBC299C}.Release|Any CPU.Build.0 = Release|Any CPU
		{F69B004E-2E4B-48B0-A211-C4FD545B5F2F}.Debug|Any CPU.ActiveCfg = Debug|Any CPU
		{F69B004E-2E4B-48B0-A211-C4FD545B5F2F}.Debug|Any CPU.Build.0 = Debug|Any CPU
		{F69B004E-2E4B-48B0-A211-C4FD545B5F2F}.Release|Any CPU.ActiveCfg = Release|Any CPU
		{F69B004E-2E4B-48B0-A211-C4FD545B5F2F}.Release|Any CPU.Build.0 = Release|Any CPU
	EndGlobalSection
	GlobalSection(SolutionProperties) = preSolution
		HideSolutionNode = FALSE
	EndGlobalSection
EndGlobal
